
Microsoft Visual Studio Solution File, Format Version 12.00
# Visual Studio Version 17
VisualStudioVersion = 17.7.34221.43
MinimumVisualStudioVersion = 10.0.40219.1
Project("{8BC9CEB8-8B4A-11D0-8D11-00A0C91BC942}") = "Heap", "Heap.vcxproj", "{81638BD0-F203-4C18-B8AD-6CAA877BEDDB}"
EndProject
Global
	GlobalSection(SolutionConfigurationPlatforms) = preSolution
		Debug|x64 = Debug|x64
		Debug|x86 = Debug|x86
		Release|x64 = Release|x64
		Release|x86 = Release|x86
	EndGlobalSection
	GlobalSection(ProjectConfigurationPlatforms) = postSolution
		{81638BD0-F203-4C18-B8AD-6CAA877BEDDB}.Debug|x64.ActiveCfg = Debug|x64
		{81638BD0-F203-4C18-B8AD-6CAA877BEDDB}.Debug|x64.Build.0 = Debug|x64
		{81638BD0-F203-4C18-B8AD-6CAA877BEDDB}.Debug|x86.ActiveCfg = Debug|Win32
		{81638BD0-F203-4C18-B8AD-6CAA877BEDDB}.Debug|x86.Build.0 = Debug|Win32
		{81638BD0-F203-4C18-B8AD-6CAA877BEDDB}.Release|x64.ActiveCfg = Release|x64
		{81638BD0-F203-4C18-B8AD-6CAA877BEDDB}.Release|x64.Build.0 = Release|x64
		{81638BD0-F203-4C18-B8AD-6CAA877BEDDB}.Release|x86.ActiveCfg = Release|Win32
		{81638BD0-F203-4C18-B8AD-6CAA877BEDDB}.Release|x86.Build.0 = Release|Win32
	EndGlobalSection
	GlobalSection(SolutionProperties) = preSolution
		HideSolutionNode = FALSE
	EndGlobalSection
	GlobalSection(ExtensibilityGlobals) = postSolution
		SolutionGuid = {CA3D232E-9785-4A99-AD33-17550634E254}
	EndGlobalSection
EndGlobal
